
Microsoft Visual Studio Solution File, Format Version 12.00
# Visual Studio Version 16
VisualStudioVersion = 16.0.31515.178
MinimumVisualStudioVersion = 10.0.40219.1
Project("{FAE04EC0-301F-11D3-BF4B-00C04F79EFBC}") = "stage_controller", "stage_controller\stage_controller.csproj", "{9B5A06DA-C630-443D-810A-21C477FB7216}"
EndProject
Global
	GlobalSection(SolutionConfigurationPlatforms) = preSolution
		Debug|Any CPU = Debug|Any CPU
		Release|Any CPU = Release|Any CPU
	EndGlobalSection
	GlobalSection(ProjectConfigurationPlatforms) = postSolution
		{9B5A06DA-C630-443D-810A-21C477FB7216}.Debug|Any CPU.ActiveCfg = Debug|Any CPU
		{9B5A06DA-C630-443D-810A-21C477FB7216}.Debug|Any CPU.Build.0 = Debug|Any CPU
		{9B5A06DA-C630-443D-810A-21C477FB7216}.Release|Any CPU.ActiveCfg = Release|Any CPU
		{9B5A06DA-C630-443D-810A-21C477FB7216}.Release|Any CPU.Build.0 = Release|Any CPU
	EndGlobalSection
	GlobalSection(SolutionProperties) = preSolution
		HideSolutionNode = FALSE
	EndGlobalSection
	GlobalSection(ExtensibilityGlobals) = postSolution
		SolutionGuid = {2FBF68DD-A6DD-4093-9B8F-A6B431A7B125}
	EndGlobalSection
EndGlobal
